# This file is automatically @generated by Cargo.
# It is not intended for manual editing.
version = 3

[[package]]
name = "anyhow"
version = "1.0.51"
source = "registry+https://github.com/rust-lang/crates.io-index"
checksum = "8b26702f315f53b6071259e15dd9d64528213b44d61de1ec926eca7715d62203"

[[package]]
name = "autocfg"
version = "1.0.1"
source = "registry+https://github.com/rust-lang/crates.io-index"
checksum = "cdb031dd78e28731d87d56cc8ffef4a8f36ca26c38fe2de700543e627f8a464a"

[[package]]
name = "cfg-if"
version = "1.0.0"
source = "registry+https://github.com/rust-lang/crates.io-index"
checksum = "baf1de4339761588bc0619e3cbc0120ee582ebb74b53b4efbf79117bd2da40fd"

[[package]]
name = "crossbeam"
version = "0.8.1"
source = "registry+https://github.com/rust-lang/crates.io-index"
checksum = "4ae5588f6b3c3cb05239e90bd110f257254aecd01e4635400391aeae07497845"
dependencies = [
 "cfg-if",
 "crossbeam-channel",
 "crossbeam-deque",
 "crossbeam-epoch",
 "crossbeam-queue",
 "crossbeam-utils",
]

[[package]]
name = "crossbeam-channel"
version = "0.5.1"
source = "registry+https://github.com/rust-lang/crates.io-index"
checksum = "06ed27e177f16d65f0f0c22a213e17c696ace5dd64b14258b52f9417ccb52db4"
dependencies = [
 "cfg-if",
 "crossbeam-utils",
]

[[package]]
name = "crossbeam-deque"
version = "0.8.1"
source = "registry+https://github.com/rust-lang/crates.io-index"
checksum = "6455c0ca19f0d2fbf751b908d5c55c1f5cbc65e03c4225427254b46890bdde1e"
dependencies = [
 "cfg-if",
 "crossbeam-epoch",
 "crossbeam-utils",
]

[[package]]
name = "crossbeam-epoch"
version = "0.9.5"
source = "registry+https://github.com/rust-lang/crates.io-index"
checksum = "4ec02e091aa634e2c3ada4a392989e7c3116673ef0ac5b72232439094d73b7fd"
dependencies = [
 "cfg-if",
 "crossbeam-utils",
 "lazy_static",
 "memoffset",
 "scopeguard",
]

[[package]]
name = "crossbeam-queue"
version = "0.3.2"
source = "registry+https://github.com/rust-lang/crates.io-index"
checksum = "9b10ddc024425c88c2ad148c1b0fd53f4c6d38db9697c9f1588381212fa657c9"
dependencies = [
 "cfg-if",
 "crossbeam-utils",
]

[[package]]
name = "crossbeam-utils"
version = "0.8.5"
source = "registry+https://github.com/rust-lang/crates.io-index"
checksum = "d82cfc11ce7f2c3faef78d8a684447b40d503d9681acebed6cb728d45940c4db"
dependencies = [
 "cfg-if",
 "lazy_static",
]

[[package]]
name = "lazy_static"
version = "1.4.0"
source = "registry+https://github.com/rust-lang/crates.io-index"
checksum = "e2abad23fbc42b3700f2f279844dc832adb2b2eb069b2df918f455c4e18cc646"

[[package]]
name = "memoffset"
version = "0.6.5"
source = "registry+https://github.com/rust-lang/crates.io-index"
checksum = "5aa361d4faea93603064a027415f07bd8e1d5c88c9fbf68bf56a285428fd79ce"
dependencies = [
 "autocfg",
]

[[package]]
name = "scopeguard"
version = "1.1.0"
source = "registry+https://github.com/rust-lang/crates.io-index"
checksum = "d29ab0c6d3fc0ee92fe66e2d99f700eab17a8d57d1c1d3b748380fb20baa78cd"

[[package]]
name = "test_framework"
version = "0.1.0"
dependencies = [
 "anyhow",
 "crossbeam",
]
