# This file is automatically @generated by Cargo.
# It is not intended for manual editing.
version = 3

[[package]]
name = "bitflags"
version = "2.5.0"
source = "registry+https://github.com/rust-lang/crates.io-index"
checksum = "cf4b9d6a944f767f8e5e0db018570623c85f3d925ac718db4e06d0187adb21c1"

[[package]]
name = "cfg-if"
version = "1.0.0"
source = "registry+https://github.com/rust-lang/crates.io-index"
checksum = "baf1de4339761588bc0619e3cbc0120ee582ebb74b53b4efbf79117bd2da40fd"

[[package]]
name = "cfg_aliases"
version = "0.2.1"
source = "registry+https://github.com/rust-lang/crates.io-index"
checksum = "613afe47fcd5fac7ccf1db93babcb082c5994d996f20b8b159f2ad1658eb5724"

[[package]]
name = "libc"
version = "0.2.155"
source = "registry+https://github.com/rust-lang/crates.io-index"
checksum = "97b3888a4aecf77e811145cadf6eef5901f4782c53886191b2f693f24761847c"

[[package]]
name = "nix"
version = "0.29.0"
source = "registry+https://github.com/rust-lang/crates.io-index"
checksum = "71e2746dc3a24dd78b3cfcb7be93368c6de9963d30f43a6a73998a9cf4b17b46"
dependencies = [
 "bitflags",
 "cfg-if",
 "cfg_aliases",
 "libc",
]

[[package]]
name = "selinux"
version = "0.1.0"
dependencies = [
 "nix",
]
