# This file is automatically @generated by Cargo.
# It is not intended for manual editing.
[[package]]
name = "anyhow"
version = "1.0.42"
source = "registry+https://github.com/rust-lang/crates.io-index"
checksum = "595d3cfa7a60d4555cb5067b99f07142a08ea778de5cf993f7b75c7d8fabc486"

[[package]]
name = "test_framework"
version = "0.1.0"
dependencies = [
 "anyhow",
 "testanything",
]

[[package]]
name = "testanything"
version = "0.2.1"
source = "registry+https://github.com/rust-lang/crates.io-index"
checksum = "d11c9f0b80f86baebe13b3555c1dc5e1824deae0f710b4df8277b80b707a0a84"
